// !$*UTF8*$!
{
	archiveVersion = 1;
	classes = {
	};
	objectVersion = 46;
	objects = {

/* Begin PBXBuildFile section */
		69E6D405B3FEA0AB6C5A5550 /* libPods.a in Frameworks */ = {isa = PBXBuildFile; fileRef = 1601FC9D6FEF3FC8EDBFDA6E /* libPods.a */; };
		9430EAF01AFBED7500A72D93 /* AppDelegate.swift in Sources */ = {isa = PBXBuildFile; fileRef = 9430EAEF1AFBED7500A72D93 /* AppDelegate.swift */; };
		9430EAF21AFBED7500A72D93 /* MasterViewController.swift in Sources */ = {isa = PBXBuildFile; fileRef = 9430EAF11AFBED7500A72D93 /* MasterViewController.swift */; };
		9430EAF41AFBED7500A72D93 /* DetailViewController.swift in Sources */ = {isa = PBXBuildFile; fileRef = 9430EAF31AFBED7500A72D93 /* DetailViewController.swift */; };
		9430EAF71AFBED7500A72D93 /* Main.storyboard in Resources */ = {isa = PBXBuildFile; fileRef = 9430EAF51AFBED7500A72D93 /* Main.storyboard */; };
		9430EAF91AFBED7500A72D93 /* Images.xcassets in Resources */ = {isa = PBXBuildFile; fileRef = 9430EAF81AFBED7500A72D93 /* Images.xcassets */; };
		9430EAFC1AFBED7500A72D93 /* LaunchScreen.xib in Resources */ = {isa = PBXBuildFile; fileRef = 9430EAFA1AFBED7500A72D93 /* LaunchScreen.xib */; };
		943659B41B012A3B005F6303 /* VideosViewController.swift in Sources */ = {isa = PBXBuildFile; fileRef = 943659B31B012A3B005F6303 /* VideosViewController.swift */; };
		94F80A781AFD1C230075168B /* YoutubeAPI.swift in Sources */ = {isa = PBXBuildFile; fileRef = 94F80A771AFD1C230075168B /* YoutubeAPI.swift */; };
/* End PBXBuildFile section */

/* Begin PBXFileReference section */
		1601FC9D6FEF3FC8EDBFDA6E /* libPods.a */ = {isa = PBXFileReference; explicitFileType = archive.ar; includeInIndex = 0; path = libPods.a; sourceTree = BUILT_PRODUCTS_DIR; };
		1D879ABDF8A97F716A1066ED /* Pods.debug.xcconfig */ = {isa = PBXFileReference; includeInIndex = 1; lastKnownFileType = text.xcconfig; name = Pods.debug.xcconfig; path = "Pods/Target Support Files/Pods/Pods.debug.xcconfig"; sourceTree = "<group>"; };
		8D8D163CB8DB02F5CD829BD3 /* Pods.release.xcconfig */ = {isa = PBXFileReference; includeInIndex = 1; lastKnownFileType = text.xcconfig; name = Pods.release.xcconfig; path = "Pods/Target Support Files/Pods/Pods.release.xcconfig"; sourceTree = "<group>"; };
		9430EAEA1AFBED7500A72D93 /* PruebaYoutubeAPI.app */ = {isa = PBXFileReference; explicitFileType = wrapper.application; includeInIndex = 0; path = PruebaYoutubeAPI.app; sourceTree = BUILT_PRODUCTS_DIR; };
		9430EAEE1AFBED7500A72D93 /* Info.plist */ = {isa = PBXFileReference; lastKnownFileType = text.plist.xml; path = Info.plist; sourceTree = "<group>"; };
		9430EAEF1AFBED7500A72D93 /* AppDelegate.swift */ = {isa = PBXFileReference; lastKnownFileType = sourcecode.swift; path = AppDelegate.swift; sourceTree = "<group>"; };
		9430EAF11AFBED7500A72D93 /* MasterViewController.swift */ = {isa = PBXFileReference; lastKnownFileType = sourcecode.swift; path = MasterViewController.swift; sourceTree = "<group>"; };
		9430EAF31AFBED7500A72D93 /* DetailViewController.swift */ = {isa = PBXFileReference; lastKnownFileType = sourcecode.swift; path = DetailViewController.swift; sourceTree = "<group>"; };
		9430EAF61AFBED7500A72D93 /* Base */ = {isa = PBXFileReference; lastKnownFileType = file.storyboard; name = Base; path = Base.lproj/Main.storyboard; sourceTree = "<group>"; };
		9430EAF81AFBED7500A72D93 /* Images.xcassets */ = {isa = PBXFileReference; lastKnownFileType = folder.assetcatalog; path = Images.xcassets; sourceTree = "<group>"; };
		9430EAFB1AFBED7500A72D93 /* Base */ = {isa = PBXFileReference; lastKnownFileType = file.xib; name = Base; path = Base.lproj/LaunchScreen.xib; sourceTree = "<group>"; };
		943659B31B012A3B005F6303 /* VideosViewController.swift */ = {isa = PBXFileReference; fileEncoding = 4; lastKnownFileType = sourcecode.swift; path = VideosViewController.swift; sourceTree = "<group>"; };
		949997771AFE9A8A00B36627 /* ObjCBridge.h */ = {isa = PBXFileReference; lastKnownFileType = sourcecode.c.h; path = ObjCBridge.h; sourceTree = "<group>"; };
		94F80A771AFD1C230075168B /* YoutubeAPI.swift */ = {isa = PBXFileReference; fileEncoding = 4; lastKnownFileType = sourcecode.swift; path = YoutubeAPI.swift; sourceTree = "<group>"; };
/* End PBXFileReference section */

/* Begin PBXFrameworksBuildPhase section */
		9430EAE71AFBED7500A72D93 /* Frameworks */ = {
			isa = PBXFrameworksBuildPhase;
			buildActionMask = 2147483647;
			files = (
				69E6D405B3FEA0AB6C5A5550 /* libPods.a in Frameworks */,
			);
			runOnlyForDeploymentPostprocessing = 0;
		};
/* End PBXFrameworksBuildPhase section */

/* Begin PBXGroup section */
		70FDF37B9116CE4FD0A70E90 /* Pods */ = {
			isa = PBXGroup;
			children = (
				1D879ABDF8A97F716A1066ED /* Pods.debug.xcconfig */,
				8D8D163CB8DB02F5CD829BD3 /* Pods.release.xcconfig */,
			);
			name = Pods;
			sourceTree = "<group>";
		};
		9430EAE11AFBED7500A72D93 = {
			isa = PBXGroup;
			children = (
				9430EAEC1AFBED7500A72D93 /* PruebaYoutubeAPI */,
				9430EAEB1AFBED7500A72D93 /* Products */,
				70FDF37B9116CE4FD0A70E90 /* Pods */,
				FF6B80580CA36FA751E956FC /* Frameworks */,
			);
			sourceTree = "<group>";
		};
		9430EAEB1AFBED7500A72D93 /* Products */ = {
			isa = PBXGroup;
			children = (
				9430EAEA1AFBED7500A72D93 /* PruebaYoutubeAPI.app */,
			);
			name = Products;
			sourceTree = "<group>";
		};
		9430EAEC1AFBED7500A72D93 /* PruebaYoutubeAPI */ = {
			isa = PBXGroup;
			children = (
				94F80A771AFD1C230075168B /* YoutubeAPI.swift */,
				9430EAEF1AFBED7500A72D93 /* AppDelegate.swift */,
				9430EAF11AFBED7500A72D93 /* MasterViewController.swift */,
				9430EAF31AFBED7500A72D93 /* DetailViewController.swift */,
				943659B31B012A3B005F6303 /* VideosViewController.swift */,
				949997771AFE9A8A00B36627 /* ObjCBridge.h */,
				9430EAF51AFBED7500A72D93 /* Main.storyboard */,
				9430EAF81AFBED7500A72D93 /* Images.xcassets */,
				9430EAFA1AFBED7500A72D93 /* LaunchScreen.xib */,
				9430EAED1AFBED7500A72D93 /* Supporting Files */,
			);
			path = PruebaYoutubeAPI;
			sourceTree = "<group>";
		};
		9430EAED1AFBED7500A72D93 /* Supporting Files */ = {
			isa = PBXGroup;
			children = (
				9430EAEE1AFBED7500A72D93 /* Info.plist */,
			);
			name = "Supporting Files";
			sourceTree = "<group>";
		};
		FF6B80580CA36FA751E956FC /* Frameworks */ = {
			isa = PBXGroup;
			children = (
				1601FC9D6FEF3FC8EDBFDA6E /* libPods.a */,
			);
			name = Frameworks;
			sourceTree = "<group>";
		};
/* End PBXGroup section */

/* Begin PBXNativeTarget section */
		9430EAE91AFBED7500A72D93 /* PruebaYoutubeAPI */ = {
			isa = PBXNativeTarget;
			buildConfigurationList = 9430EB0B1AFBED7500A72D93 /* Build configuration list for PBXNativeTarget "PruebaYoutubeAPI" */;
			buildPhases = (
				115D01579C37F2A3F799D6B9 /* Check Pods Manifest.lock */,
				9430EAE61AFBED7500A72D93 /* Sources */,
				9430EAE71AFBED7500A72D93 /* Frameworks */,
				9430EAE81AFBED7500A72D93 /* Resources */,
				3FFDA0363D0CFE2D71C09BE6 /* Copy Pods Resources */,
			);
			buildRules = (
			);
			dependencies = (
			);
			name = PruebaYoutubeAPI;
			productName = PruebaYoutubeAPI;
			productReference = 9430EAEA1AFBED7500A72D93 /* PruebaYoutubeAPI.app */;
			productType = "com.apple.product-type.application";
		};
/* End PBXNativeTarget section */

/* Begin PBXProject section */
		9430EAE21AFBED7500A72D93 /* Project object */ = {
			isa = PBXProject;
			attributes = {
				LastUpgradeCheck = 0630;
				ORGANIZATIONNAME = "Ernesto MB";
				TargetAttributes = {
					9430EAE91AFBED7500A72D93 = {
						CreatedOnToolsVersion = 6.3.1;
						DevelopmentTeam = 4CZF2773JA;
					};
				};
			};
			buildConfigurationList = 9430EAE51AFBED7500A72D93 /* Build configuration list for PBXProject "PruebaYoutubeAPI" */;
			compatibilityVersion = "Xcode 3.2";
			developmentRegion = English;
			hasScannedForEncodings = 0;
			knownRegions = (
				en,
				Base,
			);
			mainGroup = 9430EAE11AFBED7500A72D93;
			productRefGroup = 9430EAEB1AFBED7500A72D93 /* Products */;
			projectDirPath = "";
			projectRoot = "";
			targets = (
				9430EAE91AFBED7500A72D93 /* PruebaYoutubeAPI */,
			);
		};
/* End PBXProject section */

/* Begin PBXResourcesBuildPhase section */
		9430EAE81AFBED7500A72D93 /* Resources */ = {
			isa = PBXResourcesBuildPhase;
			buildActionMask = 2147483647;
			files = (
				9430EAF71AFBED7500A72D93 /* Main.storyboard in Resources */,
				9430EAFC1AFBED7500A72D93 /* LaunchScreen.xib in Resources */,
				9430EAF91AFBED7500A72D93 /* Images.xcassets in Resources */,
			);
			runOnlyForDeploymentPostprocessing = 0;
		};
/* End PBXResourcesBuildPhase section */

/* Begin PBXShellScriptBuildPhase section */
		115D01579C37F2A3F799D6B9 /* Check Pods Manifest.lock */ = {
			isa = PBXShellScriptBuildPhase;
			buildActionMask = 2147483647;
			files = (
			);
			inputPaths = (
			);
			name = "Check Pods Manifest.lock";
			outputPaths = (
			);
			runOnlyForDeploymentPostprocessing = 0;
			shellPath = /bin/sh;
			shellScript = "diff \"${PODS_ROOT}/../Podfile.lock\" \"${PODS_ROOT}/Manifest.lock\" > /dev/null\nif [[ $? != 0 ]] ; then\n    cat << EOM\nerror: The sandbox is not in sync with the Podfile.lock. Run 'pod install' or update your CocoaPods installation.\nEOM\n    exit 1\nfi\n";
			showEnvVarsInLog = 0;
		};
		3FFDA0363D0CFE2D71C09BE6 /* Copy Pods Resources */ = {
			isa = PBXShellScriptBuildPhase;
			buildActionMask = 2147483647;
			files = (
			);
			inputPaths = (
			);
			name = "Copy Pods Resources";
			outputPaths = (
			);
			runOnlyForDeploymentPostprocessing = 0;
			shellPath = /bin/sh;
			shellScript = "\"${SRCROOT}/Pods/Target Support Files/Pods/Pods-resources.sh\"\n";
			showEnvVarsInLog = 0;
		};
/* End PBXShellScriptBuildPhase section */

/* Begin PBXSourcesBuildPhase section */
		9430EAE61AFBED7500A72D93 /* Sources */ = {
			isa = PBXSourcesBuildPhase;
			buildActionMask = 2147483647;
			files = (
				943659B41B012A3B005F6303 /* VideosViewController.swift in Sources */,
				9430EAF41AFBED7500A72D93 /* DetailViewController.swift in Sources */,
				9430EAF21AFBED7500A72D93 /* MasterViewController.swift in Sources */,
				94F80A781AFD1C230075168B /* YoutubeAPI.swift in Sources */,
				9430EAF01AFBED7500A72D93 /* AppDelegate.swift in Sources */,
			);
			runOnlyForDeploymentPostprocessing = 0;
		};
/* End PBXSourcesBuildPhase section */

/* Begin PBXVariantGroup section */
		9430EAF51AFBED7500A72D93 /* Main.storyboard */ = {
			isa = PBXVariantGroup;
			children = (
				9430EAF61AFBED7500A72D93 /* Base */,
			);
			name = Main.storyboard;
			sourceTree = "<group>";
		};
		9430EAFA1AFBED7500A72D93 /* LaunchScreen.xib */ = {
			isa = PBXVariantGroup;
			children = (
				9430EAFB1AFBED7500A72D93 /* Base */,
			);
			name = LaunchScreen.xib;
			sourceTree = "<group>";
		};
/* End PBXVariantGroup section */

/* Begin XCBuildConfiguration section */
		9430EB091AFBED7500A72D93 /* Debug */ = {
			isa = XCBuildConfiguration;
			buildSettings = {
				ALWAYS_SEARCH_USER_PATHS = NO;
				CLANG_CXX_LANGUAGE_STANDARD = "gnu++0x";
				CLANG_CXX_LIBRARY = "libc++";
				CLANG_ENABLE_MODULES = YES;
				CLANG_ENABLE_OBJC_ARC = YES;
				CLANG_WARN_BOOL_CONVERSION = YES;
				CLANG_WARN_CONSTANT_CONVERSION = YES;
				CLANG_WARN_DIRECT_OBJC_ISA_USAGE = YES_ERROR;
				CLANG_WARN_EMPTY_BODY = YES;
				CLANG_WARN_ENUM_CONVERSION = YES;
				CLANG_WARN_INT_CONVERSION = YES;
				CLANG_WARN_OBJC_ROOT_CLASS = YES_ERROR;
				CLANG_WARN_UNREACHABLE_CODE = YES;
				CLANG_WARN__DUPLICATE_METHOD_MATCH = YES;
				"CODE_SIGN_IDENTITY[sdk=iphoneos*]" = "iPhone Developer";
				COPY_PHASE_STRIP = NO;
				DEBUG_INFORMATION_FORMAT = "dwarf-with-dsym";
				ENABLE_STRICT_OBJC_MSGSEND = YES;
				GCC_C_LANGUAGE_STANDARD = gnu99;
				GCC_DYNAMIC_NO_PIC = NO;
				GCC_NO_COMMON_BLOCKS = YES;
				GCC_OPTIMIZATION_LEVEL = 0;
				GCC_PREPROCESSOR_DEFINITIONS = (
					"DEBUG=1",
					"$(inherited)",
				);
				GCC_SYMBOLS_PRIVATE_EXTERN = NO;
				GCC_WARN_64_TO_32_BIT_CONVERSION = YES;
				GCC_WARN_ABOUT_RETURN_TYPE = YES_ERROR;
				GCC_WARN_UNDECLARED_SELECTOR = YES;
				GCC_WARN_UNINITIALIZED_AUTOS = YES_AGGRESSIVE;
				GCC_WARN_UNUSED_FUNCTION = YES;
				GCC_WARN_UNUSED_VARIABLE = YES;
				IPHONEOS_DEPLOYMENT_TARGET = 8.3;
				MTL_ENABLE_DEBUG_INFO = YES;
				ONLY_ACTIVE_ARCH = YES;
				SDKROOT = iphoneos;
				SWIFT_OPTIMIZATION_LEVEL = "-Onone";
				TARGETED_DEVICE_FAMILY = "1,2";
			};
			name = Debug;
		};
		9430EB0A1AFBED7500A72D93 /* Release */ = {
			isa = XCBuildConfiguration;
			buildSettings = {
				ALWAYS_SEARCH_USER_PATHS = NO;
				CLANG_CXX_LANGUAGE_STANDARD = "gnu++0x";
				CLANG_CXX_LIBRARY = "libc++";
				CLANG_ENABLE_MODULES = YES;
				CLANG_ENABLE_OBJC_ARC = YES;
				CLANG_WARN_BOOL_CONVERSION = YES;
				CLANG_WARN_CONSTANT_CONVERSION = YES;
				CLANG_WARN_DIRECT_OBJC_ISA_USAGE = YES_ERROR;
				CLANG_WARN_EMPTY_BODY = YES;
				CLANG_WARN_ENUM_CONVERSION = YES;
				CLANG_WARN_INT_CONVERSION = YES;
				CLANG_WARN_OBJC_ROOT_CLASS = YES_ERROR;
				CLANG_WARN_UNREACHABLE_CODE = YES;
				CLANG_WARN__DUPLICATE_METHOD_MATCH = YES;
				"CODE_SIGN_IDENTITY[sdk=iphoneos*]" = "iPhone Developer";
				COPY_PHASE_STRIP = NO;
				DEBUG_INFORMATION_FORMAT = "dwarf-with-dsym";
				ENABLE_NS_ASSERTIONS = NO;
				ENABLE_STRICT_OBJC_MSGSEND = YES;
				GCC_C_LANGUAGE_STANDARD = gnu99;
				GCC_NO_COMMON_BLOCKS = YES;
				GCC_WARN_64_TO_32_BIT_CONVERSION = YES;
				GCC_WARN_ABOUT_RETURN_TYPE = YES_ERROR;
				GCC_WARN_UNDECLARED_SELECTOR = YES;
				GCC_WARN_UNINITIALIZED_AUTOS = YES_AGGRESSIVE;
				GCC_WARN_UNUSED_FUNCTION = YES;
				GCC_WARN_UNUSED_VARIABLE = YES;
				IPHONEOS_DEPLOYMENT_TARGET = 8.3;
				MTL_ENABLE_DEBUG_INFO = NO;
				SDKROOT = iphoneos;
				TARGETED_DEVICE_FAMILY = "1,2";
				VALIDATE_PRODUCT = YES;
			};
			name = Release;
		};
		9430EB0C1AFBED7500A72D93 /* Debug */ = {
			isa = XCBuildConfiguration;
			baseConfigurationReference = 1D879ABDF8A97F716A1066ED /* Pods.debug.xcconfig */;
			buildSettings = {
				ASSETCATALOG_COMPILER_APPICON_NAME = AppIcon;
				CODE_SIGN_IDENTITY = "iPhone Developer";
				"CODE_SIGN_IDENTITY[sdk=iphoneos*]" = "iPhone Developer";
				FRAMEWORK_SEARCH_PATHS = (
					"$(inherited)",
					"$(PROJECT_DIR)/Carthage/Build/iOS",
				);
				INFOPLIST_FILE = PruebaYoutubeAPI/Info.plist;
				LD_RUNPATH_SEARCH_PATHS = "$(inherited) @executable_path/Frameworks";
				PRODUCT_NAME = "$(TARGET_NAME)";
				PROVISIONING_PROFILE = "";
				"SWIFT_OBJC_BRIDGING_HEADER[arch=*]" = "$(SRCROOT)/PruebaYoutubeAPI/ObjCBridge.h";
			};
			name = Debug;
		};
		9430EB0D1AFBED7500A72D93 /* Release */ = {
			isa = XCBuildConfiguration;
			baseConfigurationReference = 8D8D163CB8DB02F5CD829BD3 /* Pods.release.xcconfig */;
			buildSettings = {
				ASSETCATALOG_COMPILER_APPICON_NAME = AppIcon;
				CODE_SIGN_IDENTITY = "iPhone Developer";
				"CODE_SIGN_IDENTITY[sdk=iphoneos*]" = "iPhone Developer";
				FRAMEWORK_SEARCH_PATHS = (
					"$(inherited)",
					"$(PROJECT_DIR)/Carthage/Build/iOS",
				);
				INFOPLIST_FILE = PruebaYoutubeAPI/Info.plist;
				LD_RUNPATH_SEARCH_PATHS = "$(inherited) @executable_path/Frameworks";
				PRODUCT_NAME = "$(TARGET_NAME)";
				PROVISIONING_PROFILE = "";
			};
			name = Release;
		};
/* End XCBuildConfiguration section */

/* Begin XCConfigurationList section */
		9430EAE51AFBED7500A72D93 /* Build configuration list for PBXProject "PruebaYoutubeAPI" */ = {
			isa = XCConfigurationList;
			buildConfigurations = (
				9430EB091AFBED7500A72D93 /* Debug */,
				9430EB0A1AFBED7500A72D93 /* Release */,
			);
			defaultConfigurationIsVisible = 0;
			defaultConfigurationName = Release;
		};
		9430EB0B1AFBED7500A72D93 /* Build configuration list for PBXNativeTarget "PruebaYoutubeAPI" */ = {
			isa = XCConfigurationList;
			buildConfigurations = (
				9430EB0C1AFBED7500A72D93 /* Debug */,
				9430EB0D1AFBED7500A72D93 /* Release */,
			);
			defaultConfigurationIsVisible = 0;
			defaultConfigurationName = Release;
		};
/* End XCConfigurationList section */
	};
	rootObject = 9430EAE21AFBED7500A72D93 /* Project object */;
}
